{
  "pins" : [
    {
      "identity" : "activityindicatorview",
      "kind" : "remoteSourceControl",
      "location" : "https://github.com/exyte/ActivityIndicatorView",
      "state" : {
        "revision" : "0fb57e69b6130b4beb8ba49eaafe13563f2f6bd6",
        "version" : "1.1.0"
      }
    },
    {
      "identity" : "namepicker",
      "kind" : "remoteSourceControl",
      "location" : "https://github.com/pxlshpr/NamePicker",
      "state" : {
        "revision" : "1572246467af87895149646e28bdb53b96f42cd1",
        "version" : "0.0.20"
      }
    },
    {
      "identity" : "prepdatatypes",
      "kind" : "remoteSourceControl",
      "location" : "https://github.com/pxlshpr/PrepDataTypes",
      "state" : {
        "revision" : "b717821457563861972337422b6bffb13c592f37",
        "version" : "0.0.107"
      }
    },
    {
      "identity" : "swifthaptics",
      "kind" : "remoteSourceControl",
      "location" : "https://github.com/pxlshpr/SwiftHaptics",
      "state" : {
        "revision" : "c3069ce1390e5562b2d2c0e4ffed5a1b4e9aba54",
        "version" : "0.1.3"
      }
    },
    {
      "identity" : "swiftsugar",
      "kind" : "remoteSourceControl",
      "location" : "https://github.com/pxlshpr/SwiftSugar",
      "state" : {
        "revision" : "3ef3d92d9dc3fe6fce56cb244a8ca3840a081be9",
        "version" : "0.0.85"
      }
    },
    {
      "identity" : "swiftuisugar",
      "kind" : "remoteSourceControl",
      "location" : "https://github.com/pxlshpr/SwiftUISugar",
      "state" : {
        "revision" : "da52b5e9c1193bc2ab3f5fa215e0fca87a6004e0",
        "version" : "0.0.214"
      }
    },
    {
      "identity" : "timeline",
      "kind" : "remoteSourceControl",
      "location" : "https://github.com/pxlshpr/Timeline",
      "state" : {
        "revision" : "9088c4f31fd1273cc9fb993ac88901a198b932d9",
        "version" : "0.0.64"
      }
    }
  ],
  "version" : 2
}
