{
  "pins" : [
    {
      "identity" : "activityindicatorview",
      "kind" : "remoteSourceControl",
      "location" : "https://github.com/exyte/ActivityIndicatorView",
      "state" : {
        "revision" : "0fb57e69b6130b4beb8ba49eaafe13563f2f6bd6",
        "version" : "1.1.0"
      }
    },
    {
      "identity" : "emojipicker",
      "kind" : "remoteSourceControl",
      "location" : "https://github.com/pxlshpr/EmojiPicker",
      "state" : {
        "revision" : "06245cff8ffebdcfaa17cb493d816288d20ef273",
        "version" : "0.0.22"
      }
    },
    {
      "identity" : "namepicker",
      "kind" : "remoteSourceControl",
      "location" : "https://github.com/pxlshpr/NamePicker",
      "state" : {
        "revision" : "1572246467af87895149646e28bdb53b96f42cd1",
        "version" : "0.0.20"
      }
    },
    {
      "identity" : "prepcoredatastack",
      "kind" : "remoteSourceControl",
      "location" : "https://github.com/pxlshpr/PrepCoreDataStack",
      "state" : {
        "revision" : "a603ea39eaa0cdc2c4c96c24eca2e4e2193a73af",
        "version" : "0.0.25"
      }
    },
    {
      "identity" : "prepdatatypes",
      "kind" : "remoteSourceControl",
      "location" : "https://github.com/pxlshpr/PrepDataTypes",
      "state" : {
        "revision" : "b592c1212cfa4dedb68e272ab491595d30c1c801",
        "version" : "0.0.278"
      }
    },
    {
      "identity" : "prepdietform",
      "kind" : "remoteSourceControl",
      "location" : "https://github.com/pxlshpr/PrepDietForm",
      "state" : {
        "revision" : "bf610e9a9e7b3230d9abd3df33ade718d386a078",
        "version" : "0.0.129"
      }
    },
    {
      "identity" : "prepgoalsetslist",
      "kind" : "remoteSourceControl",
      "location" : "https://github.com/pxlshpr/PrepGoalSetsList",
      "state" : {
        "revision" : "6953dc88240d9e331c8b8020d1b16ffd34fc1c81",
        "version" : "0.0.4"
      }
    },
    {
      "identity" : "prepmocks",
      "kind" : "remoteSourceControl",
      "location" : "https://github.com/pxlshpr/PrepMocks",
      "state" : {
        "revision" : "ecf161115522677d7b28a47f7bf2b4ac50831251",
        "version" : "0.0.3"
      }
    },
    {
      "identity" : "prepviews",
      "kind" : "remoteSourceControl",
      "location" : "https://github.com/pxlshpr/PrepViews",
      "state" : {
        "revision" : "c6f80e3d4c8544aa8fa98315241fcdda5b237375",
        "version" : "0.0.123"
      }
    },
    {
      "identity" : "swifthaptics",
      "kind" : "remoteSourceControl",
      "location" : "https://github.com/pxlshpr/SwiftHaptics",
      "state" : {
        "revision" : "c3069ce1390e5562b2d2c0e4ffed5a1b4e9aba54",
        "version" : "0.1.3"
      }
    },
    {
      "identity" : "swiftsugar",
      "kind" : "remoteSourceControl",
      "location" : "https://github.com/pxlshpr/SwiftSugar",
      "state" : {
        "revision" : "080d38c0cb15782a1b24ae9ba1ff2163b0e196cb",
        "version" : "0.0.86"
      }
    },
    {
      "identity" : "swiftui-introspect",
      "kind" : "remoteSourceControl",
      "location" : "https://github.com/siteline/SwiftUI-Introspect",
      "state" : {
        "revision" : "c18951c747ab62af7c15e17a81bd37d4fd5a9979",
        "version" : "0.2.3"
      }
    },
    {
      "identity" : "swiftuipager",
      "kind" : "remoteSourceControl",
      "location" : "https://github.com/fermoya/SwiftUIPager",
      "state" : {
        "revision" : "4ddc04c801aac143090bb14cf26603a3bf9c74cb",
        "version" : "2.5.0"
      }
    },
    {
      "identity" : "swiftuisugar",
      "kind" : "remoteSourceControl",
      "location" : "https://github.com/pxlshpr/SwiftUISugar",
      "state" : {
        "revision" : "beb2bb47cc6bc2901bc99ae62b01114df049fcf4",
        "version" : "0.0.369"
      }
    },
    {
      "identity" : "timeline",
      "kind" : "remoteSourceControl",
      "location" : "https://github.com/pxlshpr/Timeline",
      "state" : {
        "revision" : "d23b8bf5c7882a332647aba56e1e906c39cbabce",
        "version" : "0.0.68"
      }
    }
  ],
  "version" : 2
}
